
Microsoft Visual Studio Solution File, Format Version 12.00
# Visual Studio Version 17
VisualStudioVersion = 17.9.34714.143
MinimumVisualStudioVersion = 10.0.40219.1
Project("{FAE04EC0-301F-11D3-BF4B-00C04F79EFBC}") = "InvoiceCustomerManagementApi", "InvoiceCustomerManagementApi\InvoiceCustomerManagementApi.csproj", "{9E45C8E1-DC3E-4AB9-A85C-1D6240B99ADD}"
EndProject
Project("{FAE04EC0-301F-11D3-BF4B-00C04F79EFBC}") = "DataAccessLayer", "DataAccessLayer\DataAccessLayer.csproj", "{08547B65-9BEC-4336-BEC3-8DA1B798A8F6}"
EndProject
Global
	GlobalSection(SolutionConfigurationPlatforms) = preSolution
		Debug|Any CPU = Debug|Any CPU
		Release|Any CPU = Release|Any CPU
	EndGlobalSection
	GlobalSection(ProjectConfigurationPlatforms) = postSolution
		{9E45C8E1-DC3E-4AB9-A85C-1D6240B99ADD}.Debug|Any CPU.ActiveCfg = Debug|Any CPU
		{9E45C8E1-DC3E-4AB9-A85C-1D6240B99ADD}.Debug|Any CPU.Build.0 = Debug|Any CPU
		{9E45C8E1-DC3E-4AB9-A85C-1D6240B99ADD}.Release|Any CPU.ActiveCfg = Release|Any CPU
		{9E45C8E1-DC3E-4AB9-A85C-1D6240B99ADD}.Release|Any CPU.Build.0 = Release|Any CPU
		{08547B65-9BEC-4336-BEC3-8DA1B798A8F6}.Debug|Any CPU.ActiveCfg = Debug|Any CPU
		{08547B65-9BEC-4336-BEC3-8DA1B798A8F6}.Debug|Any CPU.Build.0 = Debug|Any CPU
		{08547B65-9BEC-4336-BEC3-8DA1B798A8F6}.Release|Any CPU.ActiveCfg = Release|Any CPU
		{08547B65-9BEC-4336-BEC3-8DA1B798A8F6}.Release|Any CPU.Build.0 = Release|Any CPU
	EndGlobalSection
	GlobalSection(SolutionProperties) = preSolution
		HideSolutionNode = FALSE
	EndGlobalSection
	GlobalSection(ExtensibilityGlobals) = postSolution
		SolutionGuid = {A658CCD6-0720-4502-8878-BEC08700FC7B}
	EndGlobalSection
EndGlobal
